version = 1
revision = 3
requires-python = ">=3.12"

[[package]]
name = "boto3"
version = "1.42.30"
source = { registry = "https://pypi.org/simple" }
dependencies = [
    { name = "botocore" },
    { name = "jmespath" },
    { name = "s3transfer" },
]
sdist = { url = "https://files.pythonhosted.org/packages/42/79/2dac8b7cb075cfa43908ee9af3f8ee06880d84b86013854c5cca8945afac/boto3-1.42.30.tar.gz", hash = "sha256:ba9cd2f7819637d15bfbeb63af4c567fcc8a7dcd7b93dd12734ec58601169538", size = 112809, upload-time = "2026-01-16T20:37:23.636Z" }
wheels = [
    { url = "https://files.pythonhosted.org/packages/52/b3/2c0d828c9f668292e277ca5232e6160dd5b4b660a3f076f20dd5378baa1e/boto3-1.42.30-py3-none-any.whl", hash = "sha256:d7e548bea65e0ae2c465c77de937bc686b591aee6a352d5a19a16bc751e591c1", size = 140573, upload-time = "2026-01-16T20:37:22.089Z" },
]

[[package]]
name = "boto3-stubs"
version = "1.42.30"
source = { registry = "https://pypi.org/simple" }
dependencies = [
    { name = "botocore-stubs" },
    { name = "types-s3transfer" },
]
sdist = { url = "https://files.pythonhosted.org/packages/c8/a7/9ef634d9dfea14acf6852be022b2dafe0ac1be66aed3e9e5b6615543e43c/boto3_stubs-1.42.30.tar.gz", hash = "sha256:68a2ca754686c980d79d1c67f2d4d5eb8dc3d89f4ec62d4080b95fbdad3ee01b", size = 100897, upload-time = "2026-01-16T20:53:26.666Z" }
wheels = [
    { url = "https://files.pythonhosted.org/packages/82/6a/ac708656b0f5fbc3f8c212e1a029a681029ae625acfb7e8e983aabe7672d/boto3_stubs-1.42.30-py3-none-any.whl", hash = "sha256:e1d106cf9c662ecfd6044483e53c6e9584b6da916e753510f51a8bfc8d19016d", size = 69783, upload-time = "2026-01-16T20:53:22.081Z" },
]

[package.optional-dependencies]
essential = [
    { name = "mypy-boto3-cloudformation" },
    { name = "mypy-boto3-dynamodb" },
    { name = "mypy-boto3-ec2" },
    { name = "mypy-boto3-lambda" },
    { name = "mypy-boto3-rds" },
    { name = "mypy-boto3-s3" },
    { name = "mypy-boto3-sqs" },
]

[[package]]
name = "botocore"
version = "1.42.30"
source = { registry = "https://pypi.org/simple" }
dependencies = [
    { name = "jmespath" },
    { name = "python-dateutil" },
    { name = "urllib3" },
]
sdist = { url = "https://files.pythonhosted.org/packages/44/38/23862628a0eb044c8b8b3d7a9ad1920b3bfd6bce6d746d5a871e8382c7e4/botocore-1.42.30.tar.gz", hash = "sha256:9bf1662b8273d5cc3828a49f71ca85abf4e021011c1f0a71f41a2ea5769a5116", size = 14891439, upload-time = "2026-01-16T20:37:13.77Z" }
wheels = [
    { url = "https://files.pythonhosted.org/packages/3d/8d/6d7b016383b1f74dd93611b1c5078bbaddaca901553ab886dcda87cae365/botocore-1.42.30-py3-none-any.whl", hash = "sha256:97070a438cac92430bb7b65f8ebd7075224f4a289719da4ee293d22d1e98db02", size = 14566340, upload-time = "2026-01-16T20:37:10.94Z" },
]

[[package]]
name = "botocore-stubs"
version = "1.42.30"
source = { registry = "https://pypi.org/simple" }
dependencies = [
    { name = "types-awscrt" },
]
sdist = { url = "https://files.pythonhosted.org/packages/b1/92/f935fa89aa6d2111e50ae7abe7911134d674e724382ca47ef5114758f3ee/botocore_stubs-1.42.30.tar.gz", hash = "sha256:c4d11678eb172263feb1de805452c376d9c11e54f1903a7cfa132ba765d57b7d", size = 42419, upload-time = "2026-01-16T21:27:46.737Z" }
wheels = [
    { url = "https://files.pythonhosted.org/packages/bc/9a/707da28295bf11078856654f3876d7687479ad8f6c37f0e0e4fdd30fcded/botocore_stubs-1.42.30-py3-none-any.whl", hash = "sha256:e41f864440d7d84ef514384557454ca094a5ee74e72c4ff907f637bc8a786df4", size = 66762, upload-time = "2026-01-16T21:27:45.439Z" },
]

[[package]]
name = "jmespath"
version = "1.0.1"
source = { registry = "https://pypi.org/simple" }
sdist = { url = "https://files.pythonhosted.org/packages/00/2a/e867e8531cf3e36b41201936b7fa7ba7b5702dbef42922193f05c8976cd6/jmespath-1.0.1.tar.gz", hash = "sha256:90261b206d6defd58fdd5e85f478bf633a2901798906be2ad389150c5c60edbe", size = 25843, upload-time = "2022-06-17T18:00:12.224Z" }
wheels = [
    { url = "https://files.pythonhosted.org/packages/31/b4/b9b800c45527aadd64d5b442f9b932b00648617eb5d63d2c7a6587b7cafc/jmespath-1.0.1-py3-none-any.whl", hash = "sha256:02e2e4cc71b5bcab88332eebf907519190dd9e6e82107fa7f83b1003a6252980", size = 20256, upload-time = "2022-06-17T18:00:10.251Z" },
]

[[package]]
name = "mypy-boto3-cloudformation"
version = "1.42.3"
source = { registry = "https://pypi.org/simple" }
sdist = { url = "https://files.pythonhosted.org/packages/4c/6a/5a56081f693680fae9a0cf5d04358a9c69b7c06fc36605192acfcc70da75/mypy_boto3_cloudformation-1.42.3.tar.gz", hash = "sha256:3bd3849bc89a371d4c368691535b320244ba00579cddd63bb58b73f28d70e510", size = 61118, upload-time = "2025-12-04T20:57:30.382Z" }
wheels = [
    { url = "https://files.pythonhosted.org/packages/76/4b/97b5a89b5c5ca057180901859a7cea1f163e1bef1e1ccff61a731b0db6a0/mypy_boto3_cloudformation-1.42.3-py3-none-any.whl", hash = "sha256:d4c802dd78844f10e944143b9f40c2c1199ed5f57f3540ab7bfc2281ac5bcaf0", size = 72126, upload-time = "2025-12-04T20:57:27.664Z" },
]

[[package]]
name = "mypy-boto3-dynamodb"
version = "1.42.3"
source = { registry = "https://pypi.org/simple" }
sdist = { url = "https://files.pythonhosted.org/packages/0e/66/deeaa9f84880b7d22c2511d45b51fc84da045db9b13b0986fa874ec92ee0/mypy_boto3_dynamodb-1.42.3.tar.gz", hash = "sha256:6e390b7442eded84279fda6ddb8d8f14d0cfc52c8d16e64dab14e6239acb4a2a", size = 47415, upload-time = "2025-12-04T21:01:17.603Z" }
wheels = [
    { url = "https://files.pythonhosted.org/packages/e0/fd/a8fa19b246fa68c8fe8bfaec811bc7f889d8f61af43ba740b6b43b250a49/mypy_boto3_dynamodb-1.42.3-py3-none-any.whl", hash = "sha256:ed339bb2a61131531a23d55b85e51fd5aed085fff2d6ce1c36f88988b3a9bef4", size = 56737, upload-time = "2025-12-04T21:01:15.778Z" },
]

[[package]]
name = "mypy-boto3-ec2"
version = "1.42.29"
source = { registry = "https://pypi.org/simple" }
sdist = { url = "https://files.pythonhosted.org/packages/86/e4/c8e6b8a6a129335ebce7061142353461ac865ca12e8923928bab51b89c28/mypy_boto3_ec2-1.42.29.tar.gz", hash = "sha256:a3ba4006939c8b96747db9464dca5ea7b1671535b7ece4164e7c5b224f02649a", size = 432811, upload-time = "2026-01-15T20:42:16.209Z" }
wheels = [
    { url = "https://files.pythonhosted.org/packages/be/13/066508053c930e7f1f1c5adc538c9ebd53905e9bfa6b2dcfc0e57ee6a4d4/mypy_boto3_ec2-1.42.29-py3-none-any.whl", hash = "sha256:6a66131ccb9fdf72fc1f8c13646ee118861cb5ce081e3a7037c9abde20682f00", size = 423065, upload-time = "2026-01-15T20:42:08.579Z" },
]

[[package]]
name = "mypy-boto3-lambda"
version = "1.42.8"
source = { registry = "https://pypi.org/simple" }
sdist = { url = "https://files.pythonhosted.org/packages/85/b1/d80eed0b9ec23f6995610e215928e62db130bde9a3b4bba336714b1eae83/mypy_boto3_lambda-1.42.8.tar.gz", hash = "sha256:55deadbfaf0e5f118237831a84d35f48dc7164ce2bf7efdcb54f54aef4025602", size = 51742, upload-time = "2025-12-11T22:12:46.909Z" }
wheels = [
    { url = "https://files.pythonhosted.org/packages/ca/16/0cdb7af03c752146e603ea5cb2bac531f5099f3850bfee89f0806671d968/mypy_boto3_lambda-1.42.8-py3-none-any.whl", hash = "sha256:fbb6646138520c675a4c4adff334e830b010d5c077dee8d5187346809ebb6f72", size = 60081, upload-time = "2025-12-11T22:12:38.099Z" },
]

[[package]]
name = "mypy-boto3-rds"
version = "1.42.28"
source = { registry = "https://pypi.org/simple" }
sdist = { url = "https://files.pythonhosted.org/packages/c7/4c/d67412654a92a3d2ce4ec88a232340e4c57a0c37ffe40c782865362498ac/mypy_boto3_rds-1.42.28.tar.gz", hash = "sha256:7195e8b6bb85c50f075d3e582580adbc87b982abcb9e7ab04b9b22d91356730e", size = 86136, upload-time = "2026-01-14T20:50:34.754Z" }
wheels = [
    { url = "https://files.pythonhosted.org/packages/27/46/34425ec59563d917e8118b70b0c3307c5b8b8c32b1f9fade28e9ebfbe8db/mypy_boto3_rds-1.42.28-py3-none-any.whl", hash = "sha256:c1c96bf90360a30d5f19869d20fda28be559a2a30c008c2da2d0ac0b06675655", size = 92847, upload-time = "2026-01-14T20:50:29.063Z" },
]

[[package]]
name = "mypy-boto3-s3"
version = "1.42.21"
source = { registry = "https://pypi.org/simple" }
sdist = { url = "https://files.pythonhosted.org/packages/a0/32/aa7208348dc8db8bd4ea357e5e6e1e8bcba44419033d03456c3b767a6c98/mypy_boto3_s3-1.42.21.tar.gz", hash = "sha256:cab71c918aac7d98c4d742544c722e37d8e7178acb8bc88a0aead7b1035026d2", size = 76024, upload-time = "2026-01-03T02:46:35.161Z" }
wheels = [
    { url = "https://files.pythonhosted.org/packages/f1/c0/01babfa8cef5f992a2a0f3d52fc1123fbbc336ab6decfdfc8f702e88a8af/mypy_boto3_s3-1.42.21-py3-none-any.whl", hash = "sha256:f5b7d1ed718ba5b00f67e95a9a38c6a021159d3071ea235e6cf496e584115ded", size = 83169, upload-time = "2026-01-03T02:46:33.356Z" },
]

[[package]]
name = "mypy-boto3-sqs"
version = "1.42.3"
source = { registry = "https://pypi.org/simple" }
sdist = { url = "https://files.pythonhosted.org/packages/e8/e4/e326b1072218996c5cb4c3969eb4bbf1fb67a89937974febdebe7bf9d98a/mypy_boto3_sqs-1.42.3.tar.gz", hash = "sha256:699995b9a6f69a97c6d3e9126a76f06751e3b405640174fe7c20fe71d9ddc82a", size = 23267, upload-time = "2025-12-04T21:13:27.326Z" }
wheels = [
    { url = "https://files.pythonhosted.org/packages/00/fb/216fe53352b7f4abfafe25bb38a1cdba224b0280d552c789da592aa21bd2/mypy_boto3_sqs-1.42.3-py3-none-any.whl", hash = "sha256:a1f4ddf8f84112931a4814f0b5ff63e3ec026a07fbbc68e60bf15fa697dc214e", size = 33507, upload-time = "2025-12-04T21:13:23.725Z" },
]

[[package]]
name = "python-dateutil"
version = "2.9.0.post0"
source = { registry = "https://pypi.org/simple" }
dependencies = [
    { name = "six" },
]
sdist = { url = "https://files.pythonhosted.org/packages/66/c0/0c8b6ad9f17a802ee498c46e004a0eb49bc148f2fd230864601a86dcf6db/python-dateutil-2.9.0.post0.tar.gz", hash = "sha256:37dd54208da7e1cd875388217d5e00ebd4179249f90fb72437e91a35459a0ad3", size = 342432, upload-time = "2024-03-01T18:36:20.211Z" }
wheels = [
    { url = "https://files.pythonhosted.org/packages/ec/57/56b9bcc3c9c6a792fcbaf139543cee77261f3651ca9da0c93f5c1221264b/python_dateutil-2.9.0.post0-py2.py3-none-any.whl", hash = "sha256:a8b2bc7bffae282281c8140a97d3aa9c14da0b136dfe83f850eea9a5f7470427", size = 229892, upload-time = "2024-03-01T18:36:18.57Z" },
]

[[package]]
name = "s3transfer"
version = "0.16.0"
source = { registry = "https://pypi.org/simple" }
dependencies = [
    { name = "botocore" },
]
sdist = { url = "https://files.pythonhosted.org/packages/05/04/74127fc843314818edfa81b5540e26dd537353b123a4edc563109d8f17dd/s3transfer-0.16.0.tar.gz", hash = "sha256:8e990f13268025792229cd52fa10cb7163744bf56e719e0b9cb925ab79abf920", size = 153827, upload-time = "2025-12-01T02:30:59.114Z" }
wheels = [
    { url = "https://files.pythonhosted.org/packages/fc/51/727abb13f44c1fcf6d145979e1535a35794db0f6e450a0cb46aa24732fe2/s3transfer-0.16.0-py3-none-any.whl", hash = "sha256:18e25d66fed509e3868dc1572b3f427ff947dd2c56f844a5bf09481ad3f3b2fe", size = 86830, upload-time = "2025-12-01T02:30:57.729Z" },
]

[[package]]
name = "six"
version = "1.17.0"
source = { registry = "https://pypi.org/simple" }
sdist = { url = "https://files.pythonhosted.org/packages/94/e7/b2c673351809dca68a0e064b6af791aa332cf192da575fd474ed7d6f16a2/six-1.17.0.tar.gz", hash = "sha256:ff70335d468e7eb6ec65b95b99d3a2836546063f63acc5171de367e834932a81", size = 34031, upload-time = "2024-12-04T17:35:28.174Z" }
wheels = [
    { url = "https://files.pythonhosted.org/packages/b7/ce/149a00dd41f10bc29e5921b496af8b574d8413afcd5e30dfa0ed46c2cc5e/six-1.17.0-py2.py3-none-any.whl", hash = "sha256:4721f391ed90541fddacab5acf947aa0d3dc7d27b2e1e8eda2be8970586c3274", size = 11050, upload-time = "2024-12-04T17:35:26.475Z" },
]

[[package]]
name = "test-lambda"
version = "0.1.0"
source = { virtual = "." }
dependencies = [
    { name = "boto3" },
]

[package.dev-dependencies]
dev = [
    { name = "boto3-stubs", extra = ["essential"] },
]

[package.metadata]
requires-dist = [{ name = "boto3", specifier = ">=1.42.30" }]

[package.metadata.requires-dev]
dev = [{ name = "boto3-stubs", extras = ["essential"], specifier = ">=1.42.30" }]

[[package]]
name = "types-awscrt"
version = "0.31.1"
source = { registry = "https://pypi.org/simple" }
sdist = { url = "https://files.pythonhosted.org/packages/97/be/589b7bba42b5681a72bac4d714287afef4e1bb84d07c859610ff631d449e/types_awscrt-0.31.1.tar.gz", hash = "sha256:08b13494f93f45c1a92eb264755fce50ed0d1dc75059abb5e31670feb9a09724", size = 17839, upload-time = "2026-01-16T02:01:23.394Z" }
wheels = [
    { url = "https://files.pythonhosted.org/packages/5e/fd/ddca80617f230bd833f99b4fb959abebffd8651f520493cae2e96276b1bd/types_awscrt-0.31.1-py3-none-any.whl", hash = "sha256:7e4364ac635f72bd57f52b093883640b1448a6eded0ecbac6e900bf4b1e4777b", size = 42516, upload-time = "2026-01-16T02:01:21.637Z" },
]

[[package]]
name = "types-s3transfer"
version = "0.16.0"
source = { registry = "https://pypi.org/simple" }
sdist = { url = "https://files.pythonhosted.org/packages/fe/64/42689150509eb3e6e82b33ee3d89045de1592488842ddf23c56957786d05/types_s3transfer-0.16.0.tar.gz", hash = "sha256:b4636472024c5e2b62278c5b759661efeb52a81851cde5f092f24100b1ecb443", size = 13557, upload-time = "2025-12-08T08:13:09.928Z" }
wheels = [
    { url = "https://files.pythonhosted.org/packages/98/27/e88220fe6274eccd3bdf95d9382918716d312f6f6cef6a46332d1ee2feff/types_s3transfer-0.16.0-py3-none-any.whl", hash = "sha256:1c0cd111ecf6e21437cb410f5cddb631bfb2263b77ad973e79b9c6d0cb24e0ef", size = 19247, upload-time = "2025-12-08T08:13:08.426Z" },
]

[[package]]
name = "urllib3"
version = "2.6.3"
source = { registry = "https://pypi.org/simple" }
sdist = { url = "https://files.pythonhosted.org/packages/c7/24/5f1b3bdffd70275f6661c76461e25f024d5a38a46f04aaca912426a2b1d3/urllib3-2.6.3.tar.gz", hash = "sha256:1b62b6884944a57dbe321509ab94fd4d3b307075e0c2eae991ac71ee15ad38ed", size = 435556, upload-time = "2026-01-07T16:24:43.925Z" }
wheels = [
    { url = "https://files.pythonhosted.org/packages/39/08/aaaad47bc4e9dc8c725e68f9d04865dbcb2052843ff09c97b08904852d84/urllib3-2.6.3-py3-none-any.whl", hash = "sha256:bf272323e553dfb2e87d9bfd225ca7b0f467b919d7bbd355436d3fd37cb0acd4", size = 131584, upload-time = "2026-01-07T16:24:42.685Z" },
]
